// !$*UTF8*$!
{
	archiveVersion = 1;
	classes = {
	};
	objectVersion = 46;
	objects = {

/* Begin PBXBuildFile section */
		AB1D984B18071F4400225BEE /* RCWRootViewControllerTest.m in Sources */ = {isa = PBXBuildFile; fileRef = AB1D984A18071F4400225BEE /* RCWRootViewControllerTest.m */; };
		AB78C00E180711F9000CA909 /* RCWTimeIntervalFormatterTest.m in Sources */ = {isa = PBXBuildFile; fileRef = AB78C00D180711F9000CA909 /* RCWTimeIntervalFormatterTest.m */; };
		AB78C0111807120D000CA909 /* RCWTimeIntervalFormatter.m in Sources */ = {isa = PBXBuildFile; fileRef = AB78C0101807120D000CA909 /* RCWTimeIntervalFormatter.m */; };
		AB78C0121807120D000CA909 /* RCWTimeIntervalFormatter.m in Sources */ = {isa = PBXBuildFile; fileRef = AB78C0101807120D000CA909 /* RCWTimeIntervalFormatter.m */; };
		AB78C01A180712E2000CA909 /* JournalEntry.m in Sources */ = {isa = PBXBuildFile; fileRef = AB78C015180712E2000CA909 /* JournalEntry.m */; };
		AB78C01B180712E2000CA909 /* JournalEntry.m in Sources */ = {isa = PBXBuildFile; fileRef = AB78C015180712E2000CA909 /* JournalEntry.m */; };
		AB78C01C180712E2000CA909 /* Model.xcdatamodeld in Sources */ = {isa = PBXBuildFile; fileRef = AB78C016180712E2000CA909 /* Model.xcdatamodeld */; };
		AB78C01D180712E2000CA909 /* Model.xcdatamodeld in Sources */ = {isa = PBXBuildFile; fileRef = AB78C016180712E2000CA909 /* Model.xcdatamodeld */; };
		AB78C01E180712E2000CA909 /* Tag.m in Sources */ = {isa = PBXBuildFile; fileRef = AB78C019180712E2000CA909 /* Tag.m */; };
		AB78C01F180712E2000CA909 /* Tag.m in Sources */ = {isa = PBXBuildFile; fileRef = AB78C019180712E2000CA909 /* Tag.m */; };
		AB78C0221807135A000CA909 /* RCWCoreDataModelTest.m in Sources */ = {isa = PBXBuildFile; fileRef = AB78C0211807135A000CA909 /* RCWCoreDataModelTest.m */; };
		AB78C0241807156F000CA909 /* RCWCoreDataStackTestCase.m in Sources */ = {isa = PBXBuildFile; fileRef = AB78C0231807156F000CA909 /* RCWCoreDataStackTestCase.m */; };
		AB78C0271807177F000CA909 /* Storyboard.storyboard in Resources */ = {isa = PBXBuildFile; fileRef = AB78C0261807177F000CA909 /* Storyboard.storyboard */; };
		AB78C0281807177F000CA909 /* Storyboard.storyboard in Resources */ = {isa = PBXBuildFile; fileRef = AB78C0261807177F000CA909 /* Storyboard.storyboard */; };
		AB78C02B180717C5000CA909 /* RCWRootViewController.m in Sources */ = {isa = PBXBuildFile; fileRef = AB78C02A180717C5000CA909 /* RCWRootViewController.m */; };
		AB78C02C180717C5000CA909 /* RCWRootViewController.m in Sources */ = {isa = PBXBuildFile; fileRef = AB78C02A180717C5000CA909 /* RCWRootViewController.m */; };
		ABB8392418070FBA00316500 /* Foundation.framework in Frameworks */ = {isa = PBXBuildFile; fileRef = ABB8392318070FBA00316500 /* Foundation.framework */; };
		ABB8392618070FBA00316500 /* CoreGraphics.framework in Frameworks */ = {isa = PBXBuildFile; fileRef = ABB8392518070FBA00316500 /* CoreGraphics.framework */; };
		ABB8392818070FBA00316500 /* UIKit.framework in Frameworks */ = {isa = PBXBuildFile; fileRef = ABB8392718070FBA00316500 /* UIKit.framework */; };
		ABB8392E18070FBA00316500 /* InfoPlist.strings in Resources */ = {isa = PBXBuildFile; fileRef = ABB8392C18070FBA00316500 /* InfoPlist.strings */; };
		ABB8393018070FBA00316500 /* main.m in Sources */ = {isa = PBXBuildFile; fileRef = ABB8392F18070FBA00316500 /* main.m */; };
		ABB8393418070FBA00316500 /* RCWAppDelegate.m in Sources */ = {isa = PBXBuildFile; fileRef = ABB8393318070FBA00316500 /* RCWAppDelegate.m */; };
		ABB8393618070FBA00316500 /* Images.xcassets in Resources */ = {isa = PBXBuildFile; fileRef = ABB8393518070FBA00316500 /* Images.xcassets */; };
		ABB8393D18070FBA00316500 /* XCTest.framework in Frameworks */ = {isa = PBXBuildFile; fileRef = ABB8393C18070FBA00316500 /* XCTest.framework */; };
		ABB8393E18070FBA00316500 /* Foundation.framework in Frameworks */ = {isa = PBXBuildFile; fileRef = ABB8392318070FBA00316500 /* Foundation.framework */; };
		ABB8393F18070FBA00316500 /* UIKit.framework in Frameworks */ = {isa = PBXBuildFile; fileRef = ABB8392718070FBA00316500 /* UIKit.framework */; };
		ABB8394718070FBA00316500 /* InfoPlist.strings in Resources */ = {isa = PBXBuildFile; fileRef = ABB8394518070FBA00316500 /* InfoPlist.strings */; };
/* End PBXBuildFile section */

/* Begin PBXContainerItemProxy section */
		ABB8394018070FBA00316500 /* PBXContainerItemProxy */ = {
			isa = PBXContainerItemProxy;
			containerPortal = ABB8391818070FBA00316500 /* Project object */;
			proxyType = 1;
			remoteGlobalIDString = ABB8391F18070FBA00316500;
			remoteInfo = TestingInXcode5;
		};
/* End PBXContainerItemProxy section */

/* Begin PBXFileReference section */
		AB1D984A18071F4400225BEE /* RCWRootViewControllerTest.m */ = {isa = PBXFileReference; fileEncoding = 4; lastKnownFileType = sourcecode.c.objc; path = RCWRootViewControllerTest.m; sourceTree = "<group>"; };
		AB78C00D180711F9000CA909 /* RCWTimeIntervalFormatterTest.m */ = {isa = PBXFileReference; fileEncoding = 4; lastKnownFileType = sourcecode.c.objc; path = RCWTimeIntervalFormatterTest.m; sourceTree = "<group>"; };
		AB78C00F1807120D000CA909 /* RCWTimeIntervalFormatter.h */ = {isa = PBXFileReference; fileEncoding = 4; lastKnownFileType = sourcecode.c.h; path = RCWTimeIntervalFormatter.h; sourceTree = "<group>"; };
		AB78C0101807120D000CA909 /* RCWTimeIntervalFormatter.m */ = {isa = PBXFileReference; fileEncoding = 4; lastKnownFileType = sourcecode.c.objc; path = RCWTimeIntervalFormatter.m; sourceTree = "<group>"; };
		AB78C014180712E2000CA909 /* JournalEntry.h */ = {isa = PBXFileReference; fileEncoding = 4; lastKnownFileType = sourcecode.c.h; path = JournalEntry.h; sourceTree = "<group>"; };
		AB78C015180712E2000CA909 /* JournalEntry.m */ = {isa = PBXFileReference; fileEncoding = 4; lastKnownFileType = sourcecode.c.objc; path = JournalEntry.m; sourceTree = "<group>"; };
		AB78C017180712E2000CA909 /* Model.xcdatamodel */ = {isa = PBXFileReference; lastKnownFileType = wrapper.xcdatamodel; path = Model.xcdatamodel; sourceTree = "<group>"; };
		AB78C018180712E2000CA909 /* Tag.h */ = {isa = PBXFileReference; fileEncoding = 4; lastKnownFileType = sourcecode.c.h; path = Tag.h; sourceTree = "<group>"; };
		AB78C019180712E2000CA909 /* Tag.m */ = {isa = PBXFileReference; fileEncoding = 4; lastKnownFileType = sourcecode.c.objc; path = Tag.m; sourceTree = "<group>"; };
		AB78C0211807135A000CA909 /* RCWCoreDataModelTest.m */ = {isa = PBXFileReference; fileEncoding = 4; lastKnownFileType = sourcecode.c.objc; path = RCWCoreDataModelTest.m; sourceTree = "<group>"; };
		AB78C0231807156F000CA909 /* RCWCoreDataStackTestCase.m */ = {isa = PBXFileReference; fileEncoding = 4; lastKnownFileType = sourcecode.c.objc; path = RCWCoreDataStackTestCase.m; sourceTree = "<group>"; };
		AB78C02518071581000CA909 /* RCWCoreDataStackTestCase.h */ = {isa = PBXFileReference; lastKnownFileType = sourcecode.c.h; path = RCWCoreDataStackTestCase.h; sourceTree = "<group>"; };
		AB78C0261807177F000CA909 /* Storyboard.storyboard */ = {isa = PBXFileReference; fileEncoding = 4; lastKnownFileType = file.storyboard; path = Storyboard.storyboard; sourceTree = "<group>"; };
		AB78C029180717C5000CA909 /* RCWRootViewController.h */ = {isa = PBXFileReference; fileEncoding = 4; lastKnownFileType = sourcecode.c.h; path = RCWRootViewController.h; sourceTree = "<group>"; };
		AB78C02A180717C5000CA909 /* RCWRootViewController.m */ = {isa = PBXFileReference; fileEncoding = 4; lastKnownFileType = sourcecode.c.objc; path = RCWRootViewController.m; sourceTree = "<group>"; };
		ABB8392018070FBA00316500 /* TestingInXcode5.app */ = {isa = PBXFileReference; explicitFileType = wrapper.application; includeInIndex = 0; path = TestingInXcode5.app; sourceTree = BUILT_PRODUCTS_DIR; };
		ABB8392318070FBA00316500 /* Foundation.framework */ = {isa = PBXFileReference; lastKnownFileType = wrapper.framework; name = Foundation.framework; path = System/Library/Frameworks/Foundation.framework; sourceTree = SDKROOT; };
		ABB8392518070FBA00316500 /* CoreGraphics.framework */ = {isa = PBXFileReference; lastKnownFileType = wrapper.framework; name = CoreGraphics.framework; path = System/Library/Frameworks/CoreGraphics.framework; sourceTree = SDKROOT; };
		ABB8392718070FBA00316500 /* UIKit.framework */ = {isa = PBXFileReference; lastKnownFileType = wrapper.framework; name = UIKit.framework; path = System/Library/Frameworks/UIKit.framework; sourceTree = SDKROOT; };
		ABB8392B18070FBA00316500 /* TestingInXcode5-Info.plist */ = {isa = PBXFileReference; lastKnownFileType = text.plist.xml; path = "TestingInXcode5-Info.plist"; sourceTree = "<group>"; };
		ABB8392D18070FBA00316500 /* en */ = {isa = PBXFileReference; lastKnownFileType = text.plist.strings; name = en; path = en.lproj/InfoPlist.strings; sourceTree = "<group>"; };
		ABB8392F18070FBA00316500 /* main.m */ = {isa = PBXFileReference; lastKnownFileType = sourcecode.c.objc; path = main.m; sourceTree = "<group>"; };
		ABB8393118070FBA00316500 /* TestingInXcode5-Prefix.pch */ = {isa = PBXFileReference; lastKnownFileType = sourcecode.c.h; path = "TestingInXcode5-Prefix.pch"; sourceTree = "<group>"; };
		ABB8393218070FBA00316500 /* RCWAppDelegate.h */ = {isa = PBXFileReference; lastKnownFileType = sourcecode.c.h; path = RCWAppDelegate.h; sourceTree = "<group>"; };
		ABB8393318070FBA00316500 /* RCWAppDelegate.m */ = {isa = PBXFileReference; lastKnownFileType = sourcecode.c.objc; path = RCWAppDelegate.m; sourceTree = "<group>"; };
		ABB8393518070FBA00316500 /* Images.xcassets */ = {isa = PBXFileReference; lastKnownFileType = folder.assetcatalog; path = Images.xcassets; sourceTree = "<group>"; };
		ABB8393B18070FBA00316500 /* TestingInXcode5Tests.xctest */ = {isa = PBXFileReference; explicitFileType = wrapper.cfbundle; includeInIndex = 0; path = TestingInXcode5Tests.xctest; sourceTree = BUILT_PRODUCTS_DIR; };
		ABB8393C18070FBA00316500 /* XCTest.framework */ = {isa = PBXFileReference; lastKnownFileType = wrapper.framework; name = XCTest.framework; path = Library/Frameworks/XCTest.framework; sourceTree = DEVELOPER_DIR; };
		ABB8394418070FBA00316500 /* TestingInXcode5Tests-Info.plist */ = {isa = PBXFileReference; lastKnownFileType = text.plist.xml; path = "TestingInXcode5Tests-Info.plist"; sourceTree = "<group>"; };
		ABB8394618070FBA00316500 /* en */ = {isa = PBXFileReference; lastKnownFileType = text.plist.strings; name = en; path = en.lproj/InfoPlist.strings; sourceTree = "<group>"; };
/* End PBXFileReference section */

/* Begin PBXFrameworksBuildPhase section */
		ABB8391D18070FBA00316500 /* Frameworks */ = {
			isa = PBXFrameworksBuildPhase;
			buildActionMask = 2147483647;
			files = (
				ABB8392618070FBA00316500 /* CoreGraphics.framework in Frameworks */,
				ABB8392818070FBA00316500 /* UIKit.framework in Frameworks */,
				ABB8392418070FBA00316500 /* Foundation.framework in Frameworks */,
			);
			runOnlyForDeploymentPostprocessing = 0;
		};
		ABB8393818070FBA00316500 /* Frameworks */ = {
			isa = PBXFrameworksBuildPhase;
			buildActionMask = 2147483647;
			files = (
				ABB8393D18070FBA00316500 /* XCTest.framework in Frameworks */,
				ABB8393F18070FBA00316500 /* UIKit.framework in Frameworks */,
				ABB8393E18070FBA00316500 /* Foundation.framework in Frameworks */,
			);
			runOnlyForDeploymentPostprocessing = 0;
		};
/* End PBXFrameworksBuildPhase section */

/* Begin PBXGroup section */
		AB78C01318071282000CA909 /* Time Interval Formatter */ = {
			isa = PBXGroup;
			children = (
				AB78C00F1807120D000CA909 /* RCWTimeIntervalFormatter.h */,
				AB78C0101807120D000CA909 /* RCWTimeIntervalFormatter.m */,
			);
			name = "Time Interval Formatter";
			sourceTree = "<group>";
		};
		AB78C02018071314000CA909 /* Core Data */ = {
			isa = PBXGroup;
			children = (
				AB78C014180712E2000CA909 /* JournalEntry.h */,
				AB78C015180712E2000CA909 /* JournalEntry.m */,
				AB78C016180712E2000CA909 /* Model.xcdatamodeld */,
				AB78C018180712E2000CA909 /* Tag.h */,
				AB78C019180712E2000CA909 /* Tag.m */,
			);
			name = "Core Data";
			sourceTree = "<group>";
		};
		ABB8391718070FBA00316500 = {
			isa = PBXGroup;
			children = (
				ABB8392918070FBA00316500 /* TestingInXcode5 */,
				ABB8394218070FBA00316500 /* TestingInXcode5Tests */,
				ABB8392218070FBA00316500 /* Frameworks */,
				ABB8392118070FBA00316500 /* Products */,
			);
			sourceTree = "<group>";
		};
		ABB8392118070FBA00316500 /* Products */ = {
			isa = PBXGroup;
			children = (
				ABB8392018070FBA00316500 /* TestingInXcode5.app */,
				ABB8393B18070FBA00316500 /* TestingInXcode5Tests.xctest */,
			);
			name = Products;
			sourceTree = "<group>";
		};
		ABB8392218070FBA00316500 /* Frameworks */ = {
			isa = PBXGroup;
			children = (
				ABB8392318070FBA00316500 /* Foundation.framework */,
				ABB8392518070FBA00316500 /* CoreGraphics.framework */,
				ABB8392718070FBA00316500 /* UIKit.framework */,
				ABB8393C18070FBA00316500 /* XCTest.framework */,
			);
			name = Frameworks;
			sourceTree = "<group>";
		};
		ABB8392918070FBA00316500 /* TestingInXcode5 */ = {
			isa = PBXGroup;
			children = (
				ABB8393218070FBA00316500 /* RCWAppDelegate.h */,
				ABB8393318070FBA00316500 /* RCWAppDelegate.m */,
				AB78C0261807177F000CA909 /* Storyboard.storyboard */,
				AB78C029180717C5000CA909 /* RCWRootViewController.h */,
				AB78C02A180717C5000CA909 /* RCWRootViewController.m */,
				AB78C00F1807120D000CA909 /* RCWTimeIntervalFormatter.h */,
				AB78C0101807120D000CA909 /* RCWTimeIntervalFormatter.m */,
				AB78C01318071282000CA909 /* Time Interval Formatter */,
				AB78C02018071314000CA909 /* Core Data */,
				ABB8393518070FBA00316500 /* Images.xcassets */,
				ABB8392A18070FBA00316500 /* Supporting Files */,
			);
			path = TestingInXcode5;
			sourceTree = "<group>";
		};
		ABB8392A18070FBA00316500 /* Supporting Files */ = {
			isa = PBXGroup;
			children = (
				ABB8392B18070FBA00316500 /* TestingInXcode5-Info.plist */,
				ABB8392C18070FBA00316500 /* InfoPlist.strings */,
				ABB8392F18070FBA00316500 /* main.m */,
				ABB8393118070FBA00316500 /* TestingInXcode5-Prefix.pch */,
			);
			name = "Supporting Files";
			sourceTree = "<group>";
		};
		ABB8394218070FBA00316500 /* TestingInXcode5Tests */ = {
			isa = PBXGroup;
			children = (
				ABB8394318070FBA00316500 /* Supporting Files */,
				AB78C00D180711F9000CA909 /* RCWTimeIntervalFormatterTest.m */,
				AB78C0211807135A000CA909 /* RCWCoreDataModelTest.m */,
				AB78C02518071581000CA909 /* RCWCoreDataStackTestCase.h */,
				AB78C0231807156F000CA909 /* RCWCoreDataStackTestCase.m */,
				AB1D984A18071F4400225BEE /* RCWRootViewControllerTest.m */,
			);
			path = TestingInXcode5Tests;
			sourceTree = "<group>";
		};
		ABB8394318070FBA00316500 /* Supporting Files */ = {
			isa = PBXGroup;
			children = (
				ABB8394418070FBA00316500 /* TestingInXcode5Tests-Info.plist */,
				ABB8394518070FBA00316500 /* InfoPlist.strings */,
			);
			name = "Supporting Files";
			sourceTree = "<group>";
		};
/* End PBXGroup section */

/* Begin PBXNativeTarget section */
		ABB8391F18070FBA00316500 /* TestingInXcode5 */ = {
			isa = PBXNativeTarget;
			buildConfigurationList = ABB8394C18070FBA00316500 /* Build configuration list for PBXNativeTarget "TestingInXcode5" */;
			buildPhases = (
				ABB8391C18070FBA00316500 /* Sources */,
				ABB8391D18070FBA00316500 /* Frameworks */,
				ABB8391E18070FBA00316500 /* Resources */,
			);
			buildRules = (
			);
			dependencies = (
			);
			name = TestingInXcode5;
			productName = TestingInXcode5;
			productReference = ABB8392018070FBA00316500 /* TestingInXcode5.app */;
			productType = "com.apple.product-type.application";
		};
		ABB8393A18070FBA00316500 /* TestingInXcode5Tests */ = {
			isa = PBXNativeTarget;
			buildConfigurationList = ABB8394F18070FBA00316500 /* Build configuration list for PBXNativeTarget "TestingInXcode5Tests" */;
			buildPhases = (
				ABB8393718070FBA00316500 /* Sources */,
				ABB8393818070FBA00316500 /* Frameworks */,
				ABB8393918070FBA00316500 /* Resources */,
			);
			buildRules = (
			);
			dependencies = (
				ABB8394118070FBA00316500 /* PBXTargetDependency */,
			);
			name = TestingInXcode5Tests;
			productName = TestingInXcode5Tests;
			productReference = ABB8393B18070FBA00316500 /* TestingInXcode5Tests.xctest */;
			productType = "com.apple.product-type.bundle.unit-test";
		};
/* End PBXNativeTarget section */

/* Begin PBXProject section */
		ABB8391818070FBA00316500 /* Project object */ = {
			isa = PBXProject;
			attributes = {
				CLASSPREFIX = RCW;
				LastUpgradeCheck = 0500;
				ORGANIZATIONNAME = "Rubber City Wizards, Ltd.";
				TargetAttributes = {
					ABB8393A18070FBA00316500 = {
						TestTargetID = ABB8391F18070FBA00316500;
					};
				};
			};
			buildConfigurationList = ABB8391B18070FBA00316500 /* Build configuration list for PBXProject "TestingInXcode5" */;
			compatibilityVersion = "Xcode 3.2";
			developmentRegion = English;
			hasScannedForEncodings = 0;
			knownRegions = (
				en,
			);
			mainGroup = ABB8391718070FBA00316500;
			productRefGroup = ABB8392118070FBA00316500 /* Products */;
			projectDirPath = "";
			projectRoot = "";
			targets = (
				ABB8391F18070FBA00316500 /* TestingInXcode5 */,
				ABB8393A18070FBA00316500 /* TestingInXcode5Tests */,
			);
		};
/* End PBXProject section */

/* Begin PBXResourcesBuildPhase section */
		ABB8391E18070FBA00316500 /* Resources */ = {
			isa = PBXResourcesBuildPhase;
			buildActionMask = 2147483647;
			files = (
				ABB8392E18070FBA00316500 /* InfoPlist.strings in Resources */,
				ABB8393618070FBA00316500 /* Images.xcassets in Resources */,
				AB78C0271807177F000CA909 /* Storyboard.storyboard in Resources */,
			);
			runOnlyForDeploymentPostprocessing = 0;
		};
		ABB8393918070FBA00316500 /* Resources */ = {
			isa = PBXResourcesBuildPhase;
			buildActionMask = 2147483647;
			files = (
				ABB8394718070FBA00316500 /* InfoPlist.strings in Resources */,
				AB78C0281807177F000CA909 /* Storyboard.storyboard in Resources */,
			);
			runOnlyForDeploymentPostprocessing = 0;
		};
/* End PBXResourcesBuildPhase section */

/* Begin PBXSourcesBuildPhase section */
		ABB8391C18070FBA00316500 /* Sources */ = {
			isa = PBXSourcesBuildPhase;
			buildActionMask = 2147483647;
			files = (
				AB78C01E180712E2000CA909 /* Tag.m in Sources */,
				AB78C0111807120D000CA909 /* RCWTimeIntervalFormatter.m in Sources */,
				ABB8393018070FBA00316500 /* main.m in Sources */,
				AB78C02B180717C5000CA909 /* RCWRootViewController.m in Sources */,
				AB78C01C180712E2000CA909 /* Model.xcdatamodeld in Sources */,
				AB78C01A180712E2000CA909 /* JournalEntry.m in Sources */,
				ABB8393418070FBA00316500 /* RCWAppDelegate.m in Sources */,
			);
			runOnlyForDeploymentPostprocessing = 0;
		};
		ABB8393718070FBA00316500 /* Sources */ = {
			isa = PBXSourcesBuildPhase;
			buildActionMask = 2147483647;
			files = (
				AB78C02C180717C5000CA909 /* RCWRootViewController.m in Sources */,
				AB78C00E180711F9000CA909 /* RCWTimeIntervalFormatterTest.m in Sources */,
				AB78C0241807156F000CA909 /* RCWCoreDataStackTestCase.m in Sources */,
				AB1D984B18071F4400225BEE /* RCWRootViewControllerTest.m in Sources */,
				AB78C0121807120D000CA909 /* RCWTimeIntervalFormatter.m in Sources */,
				AB78C01B180712E2000CA909 /* JournalEntry.m in Sources */,
				AB78C01D180712E2000CA909 /* Model.xcdatamodeld in Sources */,
				AB78C01F180712E2000CA909 /* Tag.m in Sources */,
				AB78C0221807135A000CA909 /* RCWCoreDataModelTest.m in Sources */,
			);
			runOnlyForDeploymentPostprocessing = 0;
		};
/* End PBXSourcesBuildPhase section */

/* Begin PBXTargetDependency section */
		ABB8394118070FBA00316500 /* PBXTargetDependency */ = {
			isa = PBXTargetDependency;
			target = ABB8391F18070FBA00316500 /* TestingInXcode5 */;
			targetProxy = ABB8394018070FBA00316500 /* PBXContainerItemProxy */;
		};
/* End PBXTargetDependency section */

/* Begin PBXVariantGroup section */
		ABB8392C18070FBA00316500 /* InfoPlist.strings */ = {
			isa = PBXVariantGroup;
			children = (
				ABB8392D18070FBA00316500 /* en */,
			);
			name = InfoPlist.strings;
			sourceTree = "<group>";
		};
		ABB8394518070FBA00316500 /* InfoPlist.strings */ = {
			isa = PBXVariantGroup;
			children = (
				ABB8394618070FBA00316500 /* en */,
			);
			name = InfoPlist.strings;
			sourceTree = "<group>";
		};
/* End PBXVariantGroup section */

/* Begin XCBuildConfiguration section */
		ABB8394A18070FBA00316500 /* Debug */ = {
			isa = XCBuildConfiguration;
			buildSettings = {
				ALWAYS_SEARCH_USER_PATHS = NO;
				ARCHS = "$(ARCHS_STANDARD_INCLUDING_64_BIT)";
				CLANG_CXX_LANGUAGE_STANDARD = "gnu++0x";
				CLANG_CXX_LIBRARY = "libc++";
				CLANG_ENABLE_MODULES = YES;
				CLANG_ENABLE_OBJC_ARC = YES;
				CLANG_WARN_BOOL_CONVERSION = YES;
				CLANG_WARN_CONSTANT_CONVERSION = YES;
				CLANG_WARN_DIRECT_OBJC_ISA_USAGE = YES_ERROR;
				CLANG_WARN_EMPTY_BODY = YES;
				CLANG_WARN_ENUM_CONVERSION = YES;
				CLANG_WARN_INT_CONVERSION = YES;
				CLANG_WARN_OBJC_ROOT_CLASS = YES_ERROR;
				CLANG_WARN__DUPLICATE_METHOD_MATCH = YES;
				"CODE_SIGN_IDENTITY[sdk=iphoneos*]" = "iPhone Developer";
				COPY_PHASE_STRIP = NO;
				GCC_C_LANGUAGE_STANDARD = gnu99;
				GCC_DYNAMIC_NO_PIC = NO;
				GCC_OPTIMIZATION_LEVEL = 0;
				GCC_PREPROCESSOR_DEFINITIONS = (
					"DEBUG=1",
					"$(inherited)",
				);
				GCC_SYMBOLS_PRIVATE_EXTERN = NO;
				GCC_WARN_64_TO_32_BIT_CONVERSION = YES;
				GCC_WARN_ABOUT_RETURN_TYPE = YES_ERROR;
				GCC_WARN_UNDECLARED_SELECTOR = YES;
				GCC_WARN_UNINITIALIZED_AUTOS = YES;
				GCC_WARN_UNUSED_FUNCTION = YES;
				GCC_WARN_UNUSED_VARIABLE = YES;
				IPHONEOS_DEPLOYMENT_TARGET = 7.0;
				ONLY_ACTIVE_ARCH = YES;
				SDKROOT = iphoneos;
			};
			name = Debug;
		};
		ABB8394B18070FBA00316500 /* Release */ = {
			isa = XCBuildConfiguration;
			buildSettings = {
				ALWAYS_SEARCH_USER_PATHS = NO;
				ARCHS = "$(ARCHS_STANDARD_INCLUDING_64_BIT)";
				CLANG_CXX_LANGUAGE_STANDARD = "gnu++0x";
				CLANG_CXX_LIBRARY = "libc++";
				CLANG_ENABLE_MODULES = YES;
				CLANG_ENABLE_OBJC_ARC = YES;
				CLANG_WARN_BOOL_CONVERSION = YES;
				CLANG_WARN_CONSTANT_CONVERSION = YES;
				CLANG_WARN_DIRECT_OBJC_ISA_USAGE = YES_ERROR;
				CLANG_WARN_EMPTY_BODY = YES;
				CLANG_WARN_ENUM_CONVERSION = YES;
				CLANG_WARN_INT_CONVERSION = YES;
				CLANG_WARN_OBJC_ROOT_CLASS = YES_ERROR;
				CLANG_WARN__DUPLICATE_METHOD_MATCH = YES;
				"CODE_SIGN_IDENTITY[sdk=iphoneos*]" = "iPhone Developer";
				COPY_PHASE_STRIP = YES;
				ENABLE_NS_ASSERTIONS = NO;
				GCC_C_LANGUAGE_STANDARD = gnu99;
				GCC_WARN_64_TO_32_BIT_CONVERSION = YES;
				GCC_WARN_ABOUT_RETURN_TYPE = YES_ERROR;
				GCC_WARN_UNDECLARED_SELECTOR = YES;
				GCC_WARN_UNINITIALIZED_AUTOS = YES;
				GCC_WARN_UNUSED_FUNCTION = YES;
				GCC_WARN_UNUSED_VARIABLE = YES;
				IPHONEOS_DEPLOYMENT_TARGET = 7.0;
				SDKROOT = iphoneos;
				VALIDATE_PRODUCT = YES;
			};
			name = Release;
		};
		ABB8394D18070FBA00316500 /* Debug */ = {
			isa = XCBuildConfiguration;
			buildSettings = {
				ASSETCATALOG_COMPILER_APPICON_NAME = AppIcon;
				ASSETCATALOG_COMPILER_LAUNCHIMAGE_NAME = LaunchImage;
				GCC_PRECOMPILE_PREFIX_HEADER = YES;
				GCC_PREFIX_HEADER = "TestingInXcode5/TestingInXcode5-Prefix.pch";
				INFOPLIST_FILE = "TestingInXcode5/TestingInXcode5-Info.plist";
				PRODUCT_NAME = "$(TARGET_NAME)";
				WRAPPER_EXTENSION = app;
			};
			name = Debug;
		};
		ABB8394E18070FBA00316500 /* Release */ = {
			isa = XCBuildConfiguration;
			buildSettings = {
				ASSETCATALOG_COMPILER_APPICON_NAME = AppIcon;
				ASSETCATALOG_COMPILER_LAUNCHIMAGE_NAME = LaunchImage;
				GCC_PRECOMPILE_PREFIX_HEADER = YES;
				GCC_PREFIX_HEADER = "TestingInXcode5/TestingInXcode5-Prefix.pch";
				INFOPLIST_FILE = "TestingInXcode5/TestingInXcode5-Info.plist";
				PRODUCT_NAME = "$(TARGET_NAME)";
				WRAPPER_EXTENSION = app;
			};
			name = Release;
		};
		ABB8395018070FBA00316500 /* Debug */ = {
			isa = XCBuildConfiguration;
			buildSettings = {
				ARCHS = "$(ARCHS_STANDARD_INCLUDING_64_BIT)";
				BUNDLE_LOADER = "$(BUILT_PRODUCTS_DIR)/TestingInXcode5.app/TestingInXcode5";
				FRAMEWORK_SEARCH_PATHS = (
					"$(SDKROOT)/Developer/Library/Frameworks",
					"$(inherited)",
					"$(DEVELOPER_FRAMEWORKS_DIR)",
				);
				GCC_PRECOMPILE_PREFIX_HEADER = YES;
				GCC_PREFIX_HEADER = "TestingInXcode5/TestingInXcode5-Prefix.pch";
				GCC_PREPROCESSOR_DEFINITIONS = (
					"DEBUG=1",
					"$(inherited)",
				);
				INFOPLIST_FILE = "TestingInXcode5Tests/TestingInXcode5Tests-Info.plist";
				PRODUCT_NAME = "$(TARGET_NAME)";
				TEST_HOST = "$(BUNDLE_LOADER)";
				WRAPPER_EXTENSION = xctest;
			};
			name = Debug;
		};
		ABB8395118070FBA00316500 /* Release */ = {
			isa = XCBuildConfiguration;
			buildSettings = {
				ARCHS = "$(ARCHS_STANDARD_INCLUDING_64_BIT)";
				BUNDLE_LOADER = "$(BUILT_PRODUCTS_DIR)/TestingInXcode5.app/TestingInXcode5";
				FRAMEWORK_SEARCH_PATHS = (
					"$(SDKROOT)/Developer/Library/Frameworks",
					"$(inherited)",
					"$(DEVELOPER_FRAMEWORKS_DIR)",
				);
				GCC_PRECOMPILE_PREFIX_HEADER = YES;
				GCC_PREFIX_HEADER = "TestingInXcode5/TestingInXcode5-Prefix.pch";
				INFOPLIST_FILE = "TestingInXcode5Tests/TestingInXcode5Tests-Info.plist";
				PRODUCT_NAME = "$(TARGET_NAME)";
				TEST_HOST = "$(BUNDLE_LOADER)";
				WRAPPER_EXTENSION = xctest;
			};
			name = Release;
		};
/* End XCBuildConfiguration section */

/* Begin XCConfigurationList section */
		ABB8391B18070FBA00316500 /* Build configuration list for PBXProject "TestingInXcode5" */ = {
			isa = XCConfigurationList;
			buildConfigurations = (
				ABB8394A18070FBA00316500 /* Debug */,
				ABB8394B18070FBA00316500 /* Release */,
			);
			defaultConfigurationIsVisible = 0;
			defaultConfigurationName = Release;
		};
		ABB8394C18070FBA00316500 /* Build configuration list for PBXNativeTarget "TestingInXcode5" */ = {
			isa = XCConfigurationList;
			buildConfigurations = (
				ABB8394D18070FBA00316500 /* Debug */,
				ABB8394E18070FBA00316500 /* Release */,
			);
			defaultConfigurationIsVisible = 0;
			defaultConfigurationName = Release;
		};
		ABB8394F18070FBA00316500 /* Build configuration list for PBXNativeTarget "TestingInXcode5Tests" */ = {
			isa = XCConfigurationList;
			buildConfigurations = (
				ABB8395018070FBA00316500 /* Debug */,
				ABB8395118070FBA00316500 /* Release */,
			);
			defaultConfigurationIsVisible = 0;
			defaultConfigurationName = Release;
		};
/* End XCConfigurationList section */

/* Begin XCVersionGroup section */
		AB78C016180712E2000CA909 /* Model.xcdatamodeld */ = {
			isa = XCVersionGroup;
			children = (
				AB78C017180712E2000CA909 /* Model.xcdatamodel */,
			);
			currentVersion = AB78C017180712E2000CA909 /* Model.xcdatamodel */;
			path = Model.xcdatamodeld;
			sourceTree = "<group>";
			versionGroupType = wrapper.xcdatamodel;
		};
/* End XCVersionGroup section */
	};
	rootObject = ABB8391818070FBA00316500 /* Project object */;
}
